
Microsoft Visual Studio Solution File, Format Version 12.00
Project("{2150E333-8FDC-42A3-9474-1A3956D46DE8}") = "src", "src", "{A9E5ECCA-5ED9-4E42-A239-13FDD50BDBBE}"
EndProject
Project("{2150E333-8FDC-42A3-9474-1A3956D46DE8}") = "tests", "tests", "{AF779304-45AF-4425-9F9A-F0648D5BDFFA}"
EndProject
Project("{2150E333-8FDC-42A3-9474-1A3956D46DE8}") = "demo", "demo", "{AB08860D-BF14-4A60-80D6-C6D4313707AB}"
EndProject
Project("{FAE04EC0-301F-11D3-BF4B-00C04F79EFBC}") = "Zaabee.RabbitMQ.Serializers.TestProject", "tests\Zaabee.RabbitMQ.Serializers.TestProject\Zaabee.RabbitMQ.Serializers.TestProject.csproj", "{18572AD7-1E8A-4F51-AEF4-E68DD426D161}"
EndProject
Project("{2150E333-8FDC-42A3-9474-1A3956D46DE8}") = "Zaabee.RabbitMQ", "Zaabee.RabbitMQ", "{25678307-0063-4430-B354-DD5B65CAEC39}"
EndProject
Project("{2150E333-8FDC-42A3-9474-1A3956D46DE8}") = "Zaabee.RabbiqMQ.Demo", "Zaabee.RabbiqMQ.Demo", "{01BEE77B-3706-4EF8-959F-5821509BBB6A}"
EndProject
Project("{2150E333-8FDC-42A3-9474-1A3956D46DE8}") = "Zaabee.RabbitMQ.Tests", "Zaabee.RabbitMQ.Tests", "{0BE0DAE0-8488-4E5A-9208-5ED2248CF558}"
EndProject
Project("{2150E333-8FDC-42A3-9474-1A3956D46DE8}") = "Zaabee.Azure.Messaging", "Zaabee.Azure.Messaging", "{4A3BE89A-259A-4398-AC37-D08FEB393538}"
EndProject
Project("{FAE04EC0-301F-11D3-BF4B-00C04F79EFBC}") = "Zaabee.Azure.EventHubs", "src\Zaabee.Azure.Messaging\Zaabee.Azure.EventHubs\Zaabee.Azure.EventHubs.csproj", "{CAF19F8E-52E7-489D-9FCC-77764E7A0A45}"
EndProject
Project("{FAE04EC0-301F-11D3-BF4B-00C04F79EFBC}") = "Zaabee.Azure.ServiceBus", "src\Zaabee.Azure.Messaging\Zaabee.Azure.ServiceBus\Zaabee.Azure.ServiceBus.csproj", "{110A25EF-EEBB-4863-960D-AA63DDDD45B7}"
EndProject
Project("{FAE04EC0-301F-11D3-BF4B-00C04F79EFBC}") = "Zaabee.RabbitMQ", "src\Zaabee.RabbitMQ\Zaabee.RabbitMQ\Zaabee.RabbitMQ.csproj", "{E99B5D42-9E56-47EB-9E32-BE874FEF9C9A}"
EndProject
Project("{FAE04EC0-301F-11D3-BF4B-00C04F79EFBC}") = "Zaabee.RabbitMQ.Abstractions", "src\Zaabee.RabbitMQ\Zaabee.RabbitMQ.Abstractions\Zaabee.RabbitMQ.Abstractions.csproj", "{68FC74FA-5D8D-4EF7-9175-D159BACBF8B6}"
EndProject
Project("{FAE04EC0-301F-11D3-BF4B-00C04F79EFBC}") = "Zaabee.RabbitMQ.Core", "src\Zaabee.RabbitMQ\Zaabee.RabbitMQ.Core\Zaabee.RabbitMQ.Core.csproj", "{90D607D2-DF7B-4F8A-B27A-C03BD2F0D519}"
EndProject
Project("{FAE04EC0-301F-11D3-BF4B-00C04F79EFBC}") = "Zaabee.RabbitMQ.Demo", "demo\Zaabee.RabbitMQ.Demo\Zaabee.RabbitMQ.Demo\Zaabee.RabbitMQ.Demo.csproj", "{D34E1B0D-AC99-4E2E-A7DB-716906A734E6}"
EndProject
Project("{FAE04EC0-301F-11D3-BF4B-00C04F79EFBC}") = "Zaabee.RabbitMQ.Demo.VNext", "demo\Zaabee.RabbitMQ.Demo\Zaabee.RabbitMQ.Demo.VNext\Zaabee.RabbitMQ.Demo.VNext.csproj", "{BC0D001A-2111-480C-B66C-D590A9F7EC81}"
EndProject
Project("{FAE04EC0-301F-11D3-BF4B-00C04F79EFBC}") = "Zaabee.RabbitMQ.Streams.Demo", "demo\Zaabee.RabbitMQ.Demo\Zaabee.RabbitMQ.Streams.Demo\Zaabee.RabbitMQ.Streams.Demo.csproj", "{27DFDE94-06E2-4B54-8B19-9820DB2D31E5}"
EndProject
Global
	GlobalSection(SolutionConfigurationPlatforms) = preSolution
		Debug|Any CPU = Debug|Any CPU
		Release|Any CPU = Release|Any CPU
	EndGlobalSection
	GlobalSection(ProjectConfigurationPlatforms) = postSolution
		{18572AD7-1E8A-4F51-AEF4-E68DD426D161}.Debug|Any CPU.ActiveCfg = Debug|Any CPU
		{18572AD7-1E8A-4F51-AEF4-E68DD426D161}.Debug|Any CPU.Build.0 = Debug|Any CPU
		{18572AD7-1E8A-4F51-AEF4-E68DD426D161}.Release|Any CPU.ActiveCfg = Release|Any CPU
		{18572AD7-1E8A-4F51-AEF4-E68DD426D161}.Release|Any CPU.Build.0 = Release|Any CPU
		{CAF19F8E-52E7-489D-9FCC-77764E7A0A45}.Debug|Any CPU.ActiveCfg = Debug|Any CPU
		{CAF19F8E-52E7-489D-9FCC-77764E7A0A45}.Debug|Any CPU.Build.0 = Debug|Any CPU
		{CAF19F8E-52E7-489D-9FCC-77764E7A0A45}.Release|Any CPU.ActiveCfg = Release|Any CPU
		{CAF19F8E-52E7-489D-9FCC-77764E7A0A45}.Release|Any CPU.Build.0 = Release|Any CPU
		{110A25EF-EEBB-4863-960D-AA63DDDD45B7}.Debug|Any CPU.ActiveCfg = Debug|Any CPU
		{110A25EF-EEBB-4863-960D-AA63DDDD45B7}.Debug|Any CPU.Build.0 = Debug|Any CPU
		{110A25EF-EEBB-4863-960D-AA63DDDD45B7}.Release|Any CPU.ActiveCfg = Release|Any CPU
		{110A25EF-EEBB-4863-960D-AA63DDDD45B7}.Release|Any CPU.Build.0 = Release|Any CPU
		{E99B5D42-9E56-47EB-9E32-BE874FEF9C9A}.Debug|Any CPU.ActiveCfg = Debug|Any CPU
		{E99B5D42-9E56-47EB-9E32-BE874FEF9C9A}.Debug|Any CPU.Build.0 = Debug|Any CPU
		{E99B5D42-9E56-47EB-9E32-BE874FEF9C9A}.Release|Any CPU.ActiveCfg = Release|Any CPU
		{E99B5D42-9E56-47EB-9E32-BE874FEF9C9A}.Release|Any CPU.Build.0 = Release|Any CPU
		{68FC74FA-5D8D-4EF7-9175-D159BACBF8B6}.Debug|Any CPU.ActiveCfg = Debug|Any CPU
		{68FC74FA-5D8D-4EF7-9175-D159BACBF8B6}.Debug|Any CPU.Build.0 = Debug|Any CPU
		{68FC74FA-5D8D-4EF7-9175-D159BACBF8B6}.Release|Any CPU.ActiveCfg = Release|Any CPU
		{68FC74FA-5D8D-4EF7-9175-D159BACBF8B6}.Release|Any CPU.Build.0 = Release|Any CPU
		{90D607D2-DF7B-4F8A-B27A-C03BD2F0D519}.Debug|Any CPU.ActiveCfg = Debug|Any CPU
		{90D607D2-DF7B-4F8A-B27A-C03BD2F0D519}.Debug|Any CPU.Build.0 = Debug|Any CPU
		{90D607D2-DF7B-4F8A-B27A-C03BD2F0D519}.Release|Any CPU.ActiveCfg = Release|Any CPU
		{90D607D2-DF7B-4F8A-B27A-C03BD2F0D519}.Release|Any CPU.Build.0 = Release|Any CPU
		{D34E1B0D-AC99-4E2E-A7DB-716906A734E6}.Debug|Any CPU.ActiveCfg = Debug|Any CPU
		{D34E1B0D-AC99-4E2E-A7DB-716906A734E6}.Debug|Any CPU.Build.0 = Debug|Any CPU
		{D34E1B0D-AC99-4E2E-A7DB-716906A734E6}.Release|Any CPU.ActiveCfg = Release|Any CPU
		{D34E1B0D-AC99-4E2E-A7DB-716906A734E6}.Release|Any CPU.Build.0 = Release|Any CPU
		{BC0D001A-2111-480C-B66C-D590A9F7EC81}.Debug|Any CPU.ActiveCfg = Debug|Any CPU
		{BC0D001A-2111-480C-B66C-D590A9F7EC81}.Debug|Any CPU.Build.0 = Debug|Any CPU
		{BC0D001A-2111-480C-B66C-D590A9F7EC81}.Release|Any CPU.ActiveCfg = Release|Any CPU
		{BC0D001A-2111-480C-B66C-D590A9F7EC81}.Release|Any CPU.Build.0 = Release|Any CPU
		{27DFDE94-06E2-4B54-8B19-9820DB2D31E5}.Debug|Any CPU.ActiveCfg = Debug|Any CPU
		{27DFDE94-06E2-4B54-8B19-9820DB2D31E5}.Debug|Any CPU.Build.0 = Debug|Any CPU
		{27DFDE94-06E2-4B54-8B19-9820DB2D31E5}.Release|Any CPU.ActiveCfg = Release|Any CPU
		{27DFDE94-06E2-4B54-8B19-9820DB2D31E5}.Release|Any CPU.Build.0 = Release|Any CPU
	EndGlobalSection
	GlobalSection(NestedProjects) = preSolution
		{25678307-0063-4430-B354-DD5B65CAEC39} = {A9E5ECCA-5ED9-4E42-A239-13FDD50BDBBE}
		{01BEE77B-3706-4EF8-959F-5821509BBB6A} = {AB08860D-BF14-4A60-80D6-C6D4313707AB}
		{0BE0DAE0-8488-4E5A-9208-5ED2248CF558} = {AF779304-45AF-4425-9F9A-F0648D5BDFFA}
		{18572AD7-1E8A-4F51-AEF4-E68DD426D161} = {0BE0DAE0-8488-4E5A-9208-5ED2248CF558}
		{4A3BE89A-259A-4398-AC37-D08FEB393538} = {A9E5ECCA-5ED9-4E42-A239-13FDD50BDBBE}
		{CAF19F8E-52E7-489D-9FCC-77764E7A0A45} = {4A3BE89A-259A-4398-AC37-D08FEB393538}
		{110A25EF-EEBB-4863-960D-AA63DDDD45B7} = {4A3BE89A-259A-4398-AC37-D08FEB393538}
		{E99B5D42-9E56-47EB-9E32-BE874FEF9C9A} = {25678307-0063-4430-B354-DD5B65CAEC39}
		{68FC74FA-5D8D-4EF7-9175-D159BACBF8B6} = {25678307-0063-4430-B354-DD5B65CAEC39}
		{90D607D2-DF7B-4F8A-B27A-C03BD2F0D519} = {25678307-0063-4430-B354-DD5B65CAEC39}
		{D34E1B0D-AC99-4E2E-A7DB-716906A734E6} = {01BEE77B-3706-4EF8-959F-5821509BBB6A}
		{BC0D001A-2111-480C-B66C-D590A9F7EC81} = {01BEE77B-3706-4EF8-959F-5821509BBB6A}
		{27DFDE94-06E2-4B54-8B19-9820DB2D31E5} = {01BEE77B-3706-4EF8-959F-5821509BBB6A}
	EndGlobalSection
EndGlobal
