
Microsoft Visual Studio Solution File, Format Version 12.00
Project("{2150E333-8FDC-42A3-9474-1A3956D46DE8}") = "src", "src", "{A9E5ECCA-5ED9-4E42-A239-13FDD50BDBBE}"
EndProject
Project("{FAE04EC0-301F-11D3-BF4B-00C04F79EFBC}") = "Zaabee.RabbitMQ", "src\Zaabee.RabbitMQ\Zaabee.RabbitMQ.csproj", "{FCD9C879-FBCC-44C2-B324-A2F9218A7DFD}"
EndProject
Project("{FAE04EC0-301F-11D3-BF4B-00C04F79EFBC}") = "Zaabee.RabbitMQ.Abstractions", "src\Zaabee.RabbitMQ.Abstractions\Zaabee.RabbitMQ.Abstractions.csproj", "{6B557975-5394-4DA2-9254-B87817BE156D}"
EndProject
Project("{2150E333-8FDC-42A3-9474-1A3956D46DE8}") = "tests", "tests", "{AF779304-45AF-4425-9F9A-F0648D5BDFFA}"
EndProject
Project("{2150E333-8FDC-42A3-9474-1A3956D46DE8}") = "demo", "demo", "{AB08860D-BF14-4A60-80D6-C6D4313707AB}"
EndProject
Project("{FAE04EC0-301F-11D3-BF4B-00C04F79EFBC}") = "Zaabee.RabbitMQ.Demo", "demo\Zaabee.RabbitMQ.Demo\Zaabee.RabbitMQ.Demo.csproj", "{CFDB36C5-A8D7-498F-8CF7-D3174A08EA94}"
EndProject
Project("{FAE04EC0-301F-11D3-BF4B-00C04F79EFBC}") = "Zaabee.RabbitMQ.Serializers.TestProject", "tests\Zaabee.RabbitMQ.Serializers.TestProject\Zaabee.RabbitMQ.Serializers.TestProject.csproj", "{18572AD7-1E8A-4F51-AEF4-E68DD426D161}"
EndProject
Global
	GlobalSection(SolutionConfigurationPlatforms) = preSolution
		Debug|Any CPU = Debug|Any CPU
		Release|Any CPU = Release|Any CPU
	EndGlobalSection
	GlobalSection(ProjectConfigurationPlatforms) = postSolution
		{FCD9C879-FBCC-44C2-B324-A2F9218A7DFD}.Debug|Any CPU.ActiveCfg = Debug|Any CPU
		{FCD9C879-FBCC-44C2-B324-A2F9218A7DFD}.Debug|Any CPU.Build.0 = Debug|Any CPU
		{FCD9C879-FBCC-44C2-B324-A2F9218A7DFD}.Release|Any CPU.ActiveCfg = Release|Any CPU
		{FCD9C879-FBCC-44C2-B324-A2F9218A7DFD}.Release|Any CPU.Build.0 = Release|Any CPU
		{6B557975-5394-4DA2-9254-B87817BE156D}.Debug|Any CPU.ActiveCfg = Debug|Any CPU
		{6B557975-5394-4DA2-9254-B87817BE156D}.Debug|Any CPU.Build.0 = Debug|Any CPU
		{6B557975-5394-4DA2-9254-B87817BE156D}.Release|Any CPU.ActiveCfg = Release|Any CPU
		{6B557975-5394-4DA2-9254-B87817BE156D}.Release|Any CPU.Build.0 = Release|Any CPU
		{CFDB36C5-A8D7-498F-8CF7-D3174A08EA94}.Debug|Any CPU.ActiveCfg = Debug|Any CPU
		{CFDB36C5-A8D7-498F-8CF7-D3174A08EA94}.Debug|Any CPU.Build.0 = Debug|Any CPU
		{CFDB36C5-A8D7-498F-8CF7-D3174A08EA94}.Release|Any CPU.ActiveCfg = Release|Any CPU
		{CFDB36C5-A8D7-498F-8CF7-D3174A08EA94}.Release|Any CPU.Build.0 = Release|Any CPU
		{18572AD7-1E8A-4F51-AEF4-E68DD426D161}.Debug|Any CPU.ActiveCfg = Debug|Any CPU
		{18572AD7-1E8A-4F51-AEF4-E68DD426D161}.Debug|Any CPU.Build.0 = Debug|Any CPU
		{18572AD7-1E8A-4F51-AEF4-E68DD426D161}.Release|Any CPU.ActiveCfg = Release|Any CPU
		{18572AD7-1E8A-4F51-AEF4-E68DD426D161}.Release|Any CPU.Build.0 = Release|Any CPU
	EndGlobalSection
	GlobalSection(NestedProjects) = preSolution
		{FCD9C879-FBCC-44C2-B324-A2F9218A7DFD} = {A9E5ECCA-5ED9-4E42-A239-13FDD50BDBBE}
		{6B557975-5394-4DA2-9254-B87817BE156D} = {A9E5ECCA-5ED9-4E42-A239-13FDD50BDBBE}
		{CFDB36C5-A8D7-498F-8CF7-D3174A08EA94} = {AB08860D-BF14-4A60-80D6-C6D4313707AB}
		{18572AD7-1E8A-4F51-AEF4-E68DD426D161} = {AF779304-45AF-4425-9F9A-F0648D5BDFFA}
	EndGlobalSection
EndGlobal
